PODS:
  - Alamofire (4.9.1)
  - PrivateUtils (1.0.0):
    - Alamofire

DEPENDENCIES:
  - Alamofire
  - PrivateUtils (from `../`)

SPEC REPOS:
  trunk:
    - Alamofire

EXTERNAL SOURCES:
  PrivateUtils:
    :path: "../"

SPEC CHECKSUMS:
  Alamofire: 85e8a02c69d6020a0d734f6054870d7ecb75cf18
  PrivateUtils: 89c7839b81c7ac0ed4c02e713b9dd3d2feabb48a

PODFILE CHECKSUM: f9853b4ec704e02f368d851e95e47484a4ae7563

COCOAPODS: 1.10.1
